
Microsoft Visual Studio Solution File, Format Version 12.00
# Visual Studio Version 16
VisualStudioVersion = 16.0.31613.86
MinimumVisualStudioVersion = 10.0.40219.1
Project("{FAE04EC0-301F-11D3-BF4B-00C04F79EFBC}") = "WebApplication", "WebApplication\WebApplication.csproj", "{FF70BA1D-E664-4317-99D2-0DE98309764E}"
EndProject
Global
	GlobalSection(SolutionConfigurationPlatforms) = preSolution
		Debug|Any CPU = Debug|Any CPU
		Release|Any CPU = Release|Any CPU
	EndGlobalSection
	GlobalSection(ProjectConfigurationPlatforms) = postSolution
		{FF70BA1D-E664-4317-99D2-0DE98309764E}.Debug|Any CPU.ActiveCfg = Debug|Any CPU
		{FF70BA1D-E664-4317-99D2-0DE98309764E}.Debug|Any CPU.Build.0 = Debug|Any CPU
		{FF70BA1D-E664-4317-99D2-0DE98309764E}.Release|Any CPU.ActiveCfg = Release|Any CPU
		{FF70BA1D-E664-4317-99D2-0DE98309764E}.Release|Any CPU.Build.0 = Release|Any CPU
	EndGlobalSection
	GlobalSection(SolutionProperties) = preSolution
		HideSolutionNode = FALSE
	EndGlobalSection
	GlobalSection(ExtensibilityGlobals) = postSolution
		SolutionGuid = {DAEAA797-97CD-4B7B-B1BD-664CEE4F6654}
	EndGlobalSection
EndGlobal
